
Microsoft Visual Studio Solution File, Format Version 12.00
# Visual Studio Version 17
VisualStudioVersion = 17.14.36915.13 d17.14
MinimumVisualStudioVersion = 10.0.40219.1
Project("{FAE04EC0-301F-11D3-BF4B-00C04F79EFBC}") = "Authenticate-Project", "Authenticate-Project\Authenticate-Project.csproj", "{D9F676A4-39C8-4111-815C-5A9CDF724ED8}"
EndProject
Global
	GlobalSection(SolutionConfigurationPlatforms) = preSolution
		Debug|Any CPU = Debug|Any CPU
		Release|Any CPU = Release|Any CPU
	EndGlobalSection
	GlobalSection(ProjectConfigurationPlatforms) = postSolution
		{D9F676A4-39C8-4111-815C-5A9CDF724ED8}.Debug|Any CPU.ActiveCfg = Debug|Any CPU
		{D9F676A4-39C8-4111-815C-5A9CDF724ED8}.Debug|Any CPU.Build.0 = Debug|Any CPU
		{D9F676A4-39C8-4111-815C-5A9CDF724ED8}.Release|Any CPU.ActiveCfg = Release|Any CPU
		{D9F676A4-39C8-4111-815C-5A9CDF724ED8}.Release|Any CPU.Build.0 = Release|Any CPU
	EndGlobalSection
	GlobalSection(SolutionProperties) = preSolution
		HideSolutionNode = FALSE
	EndGlobalSection
	GlobalSection(ExtensibilityGlobals) = postSolution
		SolutionGuid = {6F44433F-ADE1-494B-A2E8-D689B9444A28}
	EndGlobalSection
EndGlobal
